
Microsoft Visual Studio Solution File, Format Version 12.00
# Visual Studio Version 16
VisualStudioVersion = 16.0.32126.315
MinimumVisualStudioVersion = 10.0.40219.1
Project("{8BC9CEB8-8B4A-11D0-8D11-00A0C91BC942}") = "nDPI", "nDPI.vcxproj", "{7331961B-A2B5-45B1-B144-AFDEFBB0EB01}"
EndProject
Global
	GlobalSection(SolutionConfigurationPlatforms) = preSolution
		Debug|x64 = Debug|x64
		Debug-ndpiReader|x64 = Debug-ndpiReader|x64
	EndGlobalSection
	GlobalSection(ProjectConfigurationPlatforms) = postSolution
		{7331961B-A2B5-45B1-B144-AFDEFBB0EB01}.Debug|x64.ActiveCfg = Debug|x64
		{7331961B-A2B5-45B1-B144-AFDEFBB0EB01}.Debug|x64.Build.0 = Debug|x64
		{7331961B-A2B5-45B1-B144-AFDEFBB0EB01}.Debug-ndpiReader|x64.ActiveCfg = Debug-ndpiReader|x64
		{7331961B-A2B5-45B1-B144-AFDEFBB0EB01}.Debug-ndpiReader|x64.Build.0 = Debug-ndpiReader|x64
	EndGlobalSection
	GlobalSection(SolutionProperties) = preSolution
		HideSolutionNode = FALSE
	EndGlobalSection
	GlobalSection(ExtensibilityGlobals) = postSolution
		SolutionGuid = {ED429DB6-BA49-4281-943C-0E57E33B5735}
	EndGlobalSection
EndGlobal
